// !$*UTF8*$!
{
	archiveVersion = 1;
	classes = {
	};
	objectVersion = 46;
	objects = {

/* Begin PBXBuildFile section */
		617EBCBE1B019DFF007D8B93 /* AppDelegate.swift in Sources */ = {isa = PBXBuildFile; fileRef = 617EBCBD1B019DFF007D8B93 /* AppDelegate.swift */; };
		617EBCC01B019DFF007D8B93 /* ViewController.swift in Sources */ = {isa = PBXBuildFile; fileRef = 617EBCBF1B019DFF007D8B93 /* ViewController.swift */; };
		617EBCC31B019DFF007D8B93 /* Main.storyboard in Resources */ = {isa = PBXBuildFile; fileRef = 617EBCC11B019DFF007D8B93 /* Main.storyboard */; };
		617EBCC51B019DFF007D8B93 /* Images.xcassets in Resources */ = {isa = PBXBuildFile; fileRef = 617EBCC41B019DFF007D8B93 /* Images.xcassets */; };
		617EBCC81B019DFF007D8B93 /* LaunchScreen.xib in Resources */ = {isa = PBXBuildFile; fileRef = 617EBCC61B019DFF007D8B93 /* LaunchScreen.xib */; };
		617EBCD41B019DFF007D8B93 /* To_DoListTests.swift in Sources */ = {isa = PBXBuildFile; fileRef = 617EBCD31B019DFF007D8B93 /* To_DoListTests.swift */; };
		617EBCDE1B01A0A8007D8B93 /* Todo.swift in Sources */ = {isa = PBXBuildFile; fileRef = 617EBCDD1B01A0A8007D8B93 /* Todo.swift */; };
/* End PBXBuildFile section */

/* Begin PBXContainerItemProxy section */
		617EBCCE1B019DFF007D8B93 /* PBXContainerItemProxy */ = {
			isa = PBXContainerItemProxy;
			containerPortal = 617EBCB01B019DFE007D8B93 /* Project object */;
			proxyType = 1;
			remoteGlobalIDString = 617EBCB71B019DFF007D8B93;
			remoteInfo = "To-DoList";
		};
/* End PBXContainerItemProxy section */

/* Begin PBXFileReference section */
		617EBCB81B019DFF007D8B93 /* To-DoList.app */ = {isa = PBXFileReference; explicitFileType = wrapper.application; includeInIndex = 0; path = "To-DoList.app"; sourceTree = BUILT_PRODUCTS_DIR; };
		617EBCBC1B019DFF007D8B93 /* Info.plist */ = {isa = PBXFileReference; lastKnownFileType = text.plist.xml; path = Info.plist; sourceTree = "<group>"; };
		617EBCBD1B019DFF007D8B93 /* AppDelegate.swift */ = {isa = PBXFileReference; lastKnownFileType = sourcecode.swift; path = AppDelegate.swift; sourceTree = "<group>"; };
		617EBCBF1B019DFF007D8B93 /* ViewController.swift */ = {isa = PBXFileReference; lastKnownFileType = sourcecode.swift; path = ViewController.swift; sourceTree = "<group>"; };
		617EBCC21B019DFF007D8B93 /* Base */ = {isa = PBXFileReference; lastKnownFileType = file.storyboard; name = Base; path = Base.lproj/Main.storyboard; sourceTree = "<group>"; };
		617EBCC41B019DFF007D8B93 /* Images.xcassets */ = {isa = PBXFileReference; lastKnownFileType = folder.assetcatalog; path = Images.xcassets; sourceTree = "<group>"; };
		617EBCC71B019DFF007D8B93 /* Base */ = {isa = PBXFileReference; lastKnownFileType = file.xib; name = Base; path = Base.lproj/LaunchScreen.xib; sourceTree = "<group>"; };
		617EBCCD1B019DFF007D8B93 /* To-DoListTests.xctest */ = {isa = PBXFileReference; explicitFileType = wrapper.cfbundle; includeInIndex = 0; path = "To-DoListTests.xctest"; sourceTree = BUILT_PRODUCTS_DIR; };
		617EBCD21B019DFF007D8B93 /* Info.plist */ = {isa = PBXFileReference; lastKnownFileType = text.plist.xml; path = Info.plist; sourceTree = "<group>"; };
		617EBCD31B019DFF007D8B93 /* To_DoListTests.swift */ = {isa = PBXFileReference; lastKnownFileType = sourcecode.swift; path = To_DoListTests.swift; sourceTree = "<group>"; };
		617EBCDD1B01A0A8007D8B93 /* Todo.swift */ = {isa = PBXFileReference; fileEncoding = 4; lastKnownFileType = sourcecode.swift; path = Todo.swift; sourceTree = "<group>"; };
/* End PBXFileReference section */

/* Begin PBXFrameworksBuildPhase section */
		617EBCB51B019DFF007D8B93 /* Frameworks */ = {
			isa = PBXFrameworksBuildPhase;
			buildActionMask = 2147483647;
			files = (
			);
			runOnlyForDeploymentPostprocessing = 0;
		};
		617EBCCA1B019DFF007D8B93 /* Frameworks */ = {
			isa = PBXFrameworksBuildPhase;
			buildActionMask = 2147483647;
			files = (
			);
			runOnlyForDeploymentPostprocessing = 0;
		};
/* End PBXFrameworksBuildPhase section */

/* Begin PBXGroup section */
		617EBCAF1B019DFE007D8B93 = {
			isa = PBXGroup;
			children = (
				617EBCBA1B019DFF007D8B93 /* To-DoList */,
				617EBCD01B019DFF007D8B93 /* To-DoListTests */,
				617EBCB91B019DFF007D8B93 /* Products */,
			);
			sourceTree = "<group>";
		};
		617EBCB91B019DFF007D8B93 /* Products */ = {
			isa = PBXGroup;
			children = (
				617EBCB81B019DFF007D8B93 /* To-DoList.app */,
				617EBCCD1B019DFF007D8B93 /* To-DoListTests.xctest */,
			);
			name = Products;
			sourceTree = "<group>";
		};
		617EBCBA1B019DFF007D8B93 /* To-DoList */ = {
			isa = PBXGroup;
			children = (
				617EBCBD1B019DFF007D8B93 /* AppDelegate.swift */,
				617EBCBF1B019DFF007D8B93 /* ViewController.swift */,
				617EBCC11B019DFF007D8B93 /* Main.storyboard */,
				617EBCDD1B01A0A8007D8B93 /* Todo.swift */,
				617EBCC41B019DFF007D8B93 /* Images.xcassets */,
				617EBCC61B019DFF007D8B93 /* LaunchScreen.xib */,
				617EBCBB1B019DFF007D8B93 /* Supporting Files */,
			);
			path = "To-DoList";
			sourceTree = "<group>";
		};
		617EBCBB1B019DFF007D8B93 /* Supporting Files */ = {
			isa = PBXGroup;
			children = (
				617EBCBC1B019DFF007D8B93 /* Info.plist */,
			);
			name = "Supporting Files";
			sourceTree = "<group>";
		};
		617EBCD01B019DFF007D8B93 /* To-DoListTests */ = {
			isa = PBXGroup;
			children = (
				617EBCD31B019DFF007D8B93 /* To_DoListTests.swift */,
				617EBCD11B019DFF007D8B93 /* Supporting Files */,
			);
			path = "To-DoListTests";
			sourceTree = "<group>";
		};
		617EBCD11B019DFF007D8B93 /* Supporting Files */ = {
			isa = PBXGroup;
			children = (
				617EBCD21B019DFF007D8B93 /* Info.plist */,
			);
			name = "Supporting Files";
			sourceTree = "<group>";
		};
/* End PBXGroup section */

/* Begin PBXNativeTarget section */
		617EBCB71B019DFF007D8B93 /* To-DoList */ = {
			isa = PBXNativeTarget;
			buildConfigurationList = 617EBCD71B019DFF007D8B93 /* Build configuration list for PBXNativeTarget "To-DoList" */;
			buildPhases = (
				617EBCB41B019DFF007D8B93 /* Sources */,
				617EBCB51B019DFF007D8B93 /* Frameworks */,
				617EBCB61B019DFF007D8B93 /* Resources */,
			);
			buildRules = (
			);
			dependencies = (
			);
			name = "To-DoList";
			productName = "To-DoList";
			productReference = 617EBCB81B019DFF007D8B93 /* To-DoList.app */;
			productType = "com.apple.product-type.application";
		};
		617EBCCC1B019DFF007D8B93 /* To-DoListTests */ = {
			isa = PBXNativeTarget;
			buildConfigurationList = 617EBCDA1B019DFF007D8B93 /* Build configuration list for PBXNativeTarget "To-DoListTests" */;
			buildPhases = (
				617EBCC91B019DFF007D8B93 /* Sources */,
				617EBCCA1B019DFF007D8B93 /* Frameworks */,
				617EBCCB1B019DFF007D8B93 /* Resources */,
			);
			buildRules = (
			);
			dependencies = (
				617EBCCF1B019DFF007D8B93 /* PBXTargetDependency */,
			);
			name = "To-DoListTests";
			productName = "To-DoListTests";
			productReference = 617EBCCD1B019DFF007D8B93 /* To-DoListTests.xctest */;
			productType = "com.apple.product-type.bundle.unit-test";
		};
/* End PBXNativeTarget section */

/* Begin PBXProject section */
		617EBCB01B019DFE007D8B93 /* Project object */ = {
			isa = PBXProject;
			attributes = {
				LastUpgradeCheck = 0610;
				ORGANIZATIONNAME = "Pedro Sorrentino";
				TargetAttributes = {
					617EBCB71B019DFF007D8B93 = {
						CreatedOnToolsVersion = 6.1.1;
					};
					617EBCCC1B019DFF007D8B93 = {
						CreatedOnToolsVersion = 6.1.1;
						TestTargetID = 617EBCB71B019DFF007D8B93;
					};
				};
			};
			buildConfigurationList = 617EBCB31B019DFE007D8B93 /* Build configuration list for PBXProject "To-DoList" */;
			compatibilityVersion = "Xcode 3.2";
			developmentRegion = English;
			hasScannedForEncodings = 0;
			knownRegions = (
				en,
				Base,
			);
			mainGroup = 617EBCAF1B019DFE007D8B93;
			productRefGroup = 617EBCB91B019DFF007D8B93 /* Products */;
			projectDirPath = "";
			projectRoot = "";
			targets = (
				617EBCB71B019DFF007D8B93 /* To-DoList */,
				617EBCCC1B019DFF007D8B93 /* To-DoListTests */,
			);
		};
/* End PBXProject section */

/* Begin PBXResourcesBuildPhase section */
		617EBCB61B019DFF007D8B93 /* Resources */ = {
			isa = PBXResourcesBuildPhase;
			buildActionMask = 2147483647;
			files = (
				617EBCC31B019DFF007D8B93 /* Main.storyboard in Resources */,
				617EBCC81B019DFF007D8B93 /* LaunchScreen.xib in Resources */,
				617EBCC51B019DFF007D8B93 /* Images.xcassets in Resources */,
			);
			runOnlyForDeploymentPostprocessing = 0;
		};
		617EBCCB1B019DFF007D8B93 /* Resources */ = {
			isa = PBXResourcesBuildPhase;
			buildActionMask = 2147483647;
			files = (
			);
			runOnlyForDeploymentPostprocessing = 0;
		};
/* End PBXResourcesBuildPhase section */

/* Begin PBXSourcesBuildPhase section */
		617EBCB41B019DFF007D8B93 /* Sources */ = {
			isa = PBXSourcesBuildPhase;
			buildActionMask = 2147483647;
			files = (
				617EBCC01B019DFF007D8B93 /* ViewController.swift in Sources */,
				617EBCDE1B01A0A8007D8B93 /* Todo.swift in Sources */,
				617EBCBE1B019DFF007D8B93 /* AppDelegate.swift in Sources */,
			);
			runOnlyForDeploymentPostprocessing = 0;
		};
		617EBCC91B019DFF007D8B93 /* Sources */ = {
			isa = PBXSourcesBuildPhase;
			buildActionMask = 2147483647;
			files = (
				617EBCD41B019DFF007D8B93 /* To_DoListTests.swift in Sources */,
			);
			runOnlyForDeploymentPostprocessing = 0;
		};
/* End PBXSourcesBuildPhase section */

/* Begin PBXTargetDependency section */
		617EBCCF1B019DFF007D8B93 /* PBXTargetDependency */ = {
			isa = PBXTargetDependency;
			target = 617EBCB71B019DFF007D8B93 /* To-DoList */;
			targetProxy = 617EBCCE1B019DFF007D8B93 /* PBXContainerItemProxy */;
		};
/* End PBXTargetDependency section */

/* Begin PBXVariantGroup section */
		617EBCC11B019DFF007D8B93 /* Main.storyboard */ = {
			isa = PBXVariantGroup;
			children = (
				617EBCC21B019DFF007D8B93 /* Base */,
			);
			name = Main.storyboard;
			sourceTree = "<group>";
		};
		617EBCC61B019DFF007D8B93 /* LaunchScreen.xib */ = {
			isa = PBXVariantGroup;
			children = (
				617EBCC71B019DFF007D8B93 /* Base */,
			);
			name = LaunchScreen.xib;
			sourceTree = "<group>";
		};
/* End PBXVariantGroup section */

/* Begin XCBuildConfiguration section */
		617EBCD51B019DFF007D8B93 /* Debug */ = {
			isa = XCBuildConfiguration;
			buildSettings = {
				ALWAYS_SEARCH_USER_PATHS = NO;
				CLANG_CXX_LANGUAGE_STANDARD = "gnu++0x";
				CLANG_CXX_LIBRARY = "libc++";
				CLANG_ENABLE_MODULES = YES;
				CLANG_ENABLE_OBJC_ARC = YES;
				CLANG_WARN_BOOL_CONVERSION = YES;
				CLANG_WARN_CONSTANT_CONVERSION = YES;
				CLANG_WARN_DIRECT_OBJC_ISA_USAGE = YES_ERROR;
				CLANG_WARN_EMPTY_BODY = YES;
				CLANG_WARN_ENUM_CONVERSION = YES;
				CLANG_WARN_INT_CONVERSION = YES;
				CLANG_WARN_OBJC_ROOT_CLASS = YES_ERROR;
				CLANG_WARN_UNREACHABLE_CODE = YES;
				CLANG_WARN__DUPLICATE_METHOD_MATCH = YES;
				"CODE_SIGN_IDENTITY[sdk=iphoneos*]" = "iPhone Developer";
				COPY_PHASE_STRIP = NO;
				ENABLE_STRICT_OBJC_MSGSEND = YES;
				GCC_C_LANGUAGE_STANDARD = gnu99;
				GCC_DYNAMIC_NO_PIC = NO;
				GCC_OPTIMIZATION_LEVEL = 0;
				GCC_PREPROCESSOR_DEFINITIONS = (
					"DEBUG=1",
					"$(inherited)",
				);
				GCC_SYMBOLS_PRIVATE_EXTERN = NO;
				GCC_WARN_64_TO_32_BIT_CONVERSION = YES;
				GCC_WARN_ABOUT_RETURN_TYPE = YES_ERROR;
				GCC_WARN_UNDECLARED_SELECTOR = YES;
				GCC_WARN_UNINITIALIZED_AUTOS = YES_AGGRESSIVE;
				GCC_WARN_UNUSED_FUNCTION = YES;
				GCC_WARN_UNUSED_VARIABLE = YES;
				IPHONEOS_DEPLOYMENT_TARGET = 8.1;
				MTL_ENABLE_DEBUG_INFO = YES;
				ONLY_ACTIVE_ARCH = YES;
				SDKROOT = iphoneos;
				SWIFT_OPTIMIZATION_LEVEL = "-Onone";
				TARGETED_DEVICE_FAMILY = "1,2";
			};
			name = Debug;
		};
		617EBCD61B019DFF007D8B93 /* Release */ = {
			isa = XCBuildConfiguration;
			buildSettings = {
				ALWAYS_SEARCH_USER_PATHS = NO;
				CLANG_CXX_LANGUAGE_STANDARD = "gnu++0x";
				CLANG_CXX_LIBRARY = "libc++";
				CLANG_ENABLE_MODULES = YES;
				CLANG_ENABLE_OBJC_ARC = YES;
				CLANG_WARN_BOOL_CONVERSION = YES;
				CLANG_WARN_CONSTANT_CONVERSION = YES;
				CLANG_WARN_DIRECT_OBJC_ISA_USAGE = YES_ERROR;
				CLANG_WARN_EMPTY_BODY = YES;
				CLANG_WARN_ENUM_CONVERSION = YES;
				CLANG_WARN_INT_CONVERSION = YES;
				CLANG_WARN_OBJC_ROOT_CLASS = YES_ERROR;
				CLANG_WARN_UNREACHABLE_CODE = YES;
				CLANG_WARN__DUPLICATE_METHOD_MATCH = YES;
				"CODE_SIGN_IDENTITY[sdk=iphoneos*]" = "iPhone Developer";
				COPY_PHASE_STRIP = YES;
				ENABLE_NS_ASSERTIONS = NO;
				ENABLE_STRICT_OBJC_MSGSEND = YES;
				GCC_C_LANGUAGE_STANDARD = gnu99;
				GCC_WARN_64_TO_32_BIT_CONVERSION = YES;
				GCC_WARN_ABOUT_RETURN_TYPE = YES_ERROR;
				GCC_WARN_UNDECLARED_SELECTOR = YES;
				GCC_WARN_UNINITIALIZED_AUTOS = YES_AGGRESSIVE;
				GCC_WARN_UNUSED_FUNCTION = YES;
				GCC_WARN_UNUSED_VARIABLE = YES;
				IPHONEOS_DEPLOYMENT_TARGET = 8.1;
				MTL_ENABLE_DEBUG_INFO = NO;
				SDKROOT = iphoneos;
				TARGETED_DEVICE_FAMILY = "1,2";
				VALIDATE_PRODUCT = YES;
			};
			name = Release;
		};
		617EBCD81B019DFF007D8B93 /* Debug */ = {
			isa = XCBuildConfiguration;
			buildSettings = {
				ASSETCATALOG_COMPILER_APPICON_NAME = AppIcon;
				INFOPLIST_FILE = "To-DoList/Info.plist";
				LD_RUNPATH_SEARCH_PATHS = "$(inherited) @executable_path/Frameworks";
				PRODUCT_NAME = "$(TARGET_NAME)";
			};
			name = Debug;
		};
		617EBCD91B019DFF007D8B93 /* Release */ = {
			isa = XCBuildConfiguration;
			buildSettings = {
				ASSETCATALOG_COMPILER_APPICON_NAME = AppIcon;
				INFOPLIST_FILE = "To-DoList/Info.plist";
				LD_RUNPATH_SEARCH_PATHS = "$(inherited) @executable_path/Frameworks";
				PRODUCT_NAME = "$(TARGET_NAME)";
			};
			name = Release;
		};
		617EBCDB1B019DFF007D8B93 /* Debug */ = {
			isa = XCBuildConfiguration;
			buildSettings = {
				BUNDLE_LOADER = "$(TEST_HOST)";
				FRAMEWORK_SEARCH_PATHS = (
					"$(SDKROOT)/Developer/Library/Frameworks",
					"$(inherited)",
				);
				GCC_PREPROCESSOR_DEFINITIONS = (
					"DEBUG=1",
					"$(inherited)",
				);
				INFOPLIST_FILE = "To-DoListTests/Info.plist";
				LD_RUNPATH_SEARCH_PATHS = "$(inherited) @executable_path/Frameworks @loader_path/Frameworks";
				PRODUCT_NAME = "$(TARGET_NAME)";
				TEST_HOST = "$(BUILT_PRODUCTS_DIR)/To-DoList.app/To-DoList";
			};
			name = Debug;
		};
		617EBCDC1B019DFF007D8B93 /* Release */ = {
			isa = XCBuildConfiguration;
			buildSettings = {
				BUNDLE_LOADER = "$(TEST_HOST)";
				FRAMEWORK_SEARCH_PATHS = (
					"$(SDKROOT)/Developer/Library/Frameworks",
					"$(inherited)",
				);
				INFOPLIST_FILE = "To-DoListTests/Info.plist";
				LD_RUNPATH_SEARCH_PATHS = "$(inherited) @executable_path/Frameworks @loader_path/Frameworks";
				PRODUCT_NAME = "$(TARGET_NAME)";
				TEST_HOST = "$(BUILT_PRODUCTS_DIR)/To-DoList.app/To-DoList";
			};
			name = Release;
		};
/* End XCBuildConfiguration section */

/* Begin XCConfigurationList section */
		617EBCB31B019DFE007D8B93 /* Build configuration list for PBXProject "To-DoList" */ = {
			isa = XCConfigurationList;
			buildConfigurations = (
				617EBCD51B019DFF007D8B93 /* Debug */,
				617EBCD61B019DFF007D8B93 /* Release */,
			);
			defaultConfigurationIsVisible = 0;
			defaultConfigurationName = Release;
		};
		617EBCD71B019DFF007D8B93 /* Build configuration list for PBXNativeTarget "To-DoList" */ = {
			isa = XCConfigurationList;
			buildConfigurations = (
				617EBCD81B019DFF007D8B93 /* Debug */,
				617EBCD91B019DFF007D8B93 /* Release */,
			);
			defaultConfigurationIsVisible = 0;
		};
		617EBCDA1B019DFF007D8B93 /* Build configuration list for PBXNativeTarget "To-DoListTests" */ = {
			isa = XCConfigurationList;
			buildConfigurations = (
				617EBCDB1B019DFF007D8B93 /* Debug */,
				617EBCDC1B019DFF007D8B93 /* Release */,
			);
			defaultConfigurationIsVisible = 0;
		};
/* End XCConfigurationList section */
	};
	rootObject = 617EBCB01B019DFE007D8B93 /* Project object */;
}
